
Microsoft Visual Studio Solution File, Format Version 12.00
# Visual Studio Version 16
VisualStudioVersion = 16.0.29709.97
MinimumVisualStudioVersion = 10.0.40219.1
Project("{FAE04EC0-301F-11D3-BF4B-00C04F79EFBC}") = "HW1T2", "HW1T2\HW1T2.csproj", "{03602F8E-88AB-44E0-BFBE-4B4534312D14}"
EndProject
Global
	GlobalSection(SolutionConfigurationPlatforms) = preSolution
		Debug|Any CPU = Debug|Any CPU
		Release|Any CPU = Release|Any CPU
	EndGlobalSection
	GlobalSection(ProjectConfigurationPlatforms) = postSolution
		{03602F8E-88AB-44E0-BFBE-4B4534312D14}.Debug|Any CPU.ActiveCfg = Debug|Any CPU
		{03602F8E-88AB-44E0-BFBE-4B4534312D14}.Debug|Any CPU.Build.0 = Debug|Any CPU
		{03602F8E-88AB-44E0-BFBE-4B4534312D14}.Release|Any CPU.ActiveCfg = Release|Any CPU
		{03602F8E-88AB-44E0-BFBE-4B4534312D14}.Release|Any CPU.Build.0 = Release|Any CPU
	EndGlobalSection
	GlobalSection(SolutionProperties) = preSolution
		HideSolutionNode = FALSE
	EndGlobalSection
	GlobalSection(ExtensibilityGlobals) = postSolution
		SolutionGuid = {FBA32C1B-1161-4D92-90A8-6392B1CAF296}
	EndGlobalSection
EndGlobal
