
Microsoft Visual Studio Solution File, Format Version 12.00
# Visual Studio Version 16
VisualStudioVersion = 16.0.29709.97
MinimumVisualStudioVersion = 10.0.40219.1
Project("{FAE04EC0-301F-11D3-BF4B-00C04F79EFBC}") = "test1v3", "test1v3\test1v3.csproj", "{53F77DDB-21DE-4E45-91AC-831CFF21912E}"
EndProject
Global
	GlobalSection(SolutionConfigurationPlatforms) = preSolution
		Debug|Any CPU = Debug|Any CPU
		Release|Any CPU = Release|Any CPU
	EndGlobalSection
	GlobalSection(ProjectConfigurationPlatforms) = postSolution
		{53F77DDB-21DE-4E45-91AC-831CFF21912E}.Debug|Any CPU.ActiveCfg = Debug|Any CPU
		{53F77DDB-21DE-4E45-91AC-831CFF21912E}.Debug|Any CPU.Build.0 = Debug|Any CPU
		{53F77DDB-21DE-4E45-91AC-831CFF21912E}.Release|Any CPU.ActiveCfg = Release|Any CPU
		{53F77DDB-21DE-4E45-91AC-831CFF21912E}.Release|Any CPU.Build.0 = Release|Any CPU
	EndGlobalSection
	GlobalSection(SolutionProperties) = preSolution
		HideSolutionNode = FALSE
	EndGlobalSection
	GlobalSection(ExtensibilityGlobals) = postSolution
		SolutionGuid = {01B71A72-9580-46D6-BB7C-9EFBEBE6DA63}
	EndGlobalSection
EndGlobal
