
Microsoft Visual Studio Solution File, Format Version 12.00
# Visual Studio Version 16
VisualStudioVersion = 16.0.29709.97
MinimumVisualStudioVersion = 10.0.40219.1
Project("{9A19103F-16F7-4668-BE54-9A1E7A4F7556}") = "HW3T1", "HW3T1\HW3T1.csproj", "{658F29A1-5BDD-4D81-90BB-DC961EEC3350}"
EndProject
Project("{9A19103F-16F7-4668-BE54-9A1E7A4F7556}") = "HW3T1.Test", "HW3T1.Test\HW3T1.Test.csproj", "{EEFFC0E3-5A98-476D-AA27-910CBB4E2D40}"
EndProject
Project("{9A19103F-16F7-4668-BE54-9A1E7A4F7556}") = "TestEvaluator", "TestEvaluator\TestEvaluator.csproj", "{6DD6B8B9-1D62-4722-90EA-8EC4B6E48428}"
EndProject
Global
	GlobalSection(SolutionConfigurationPlatforms) = preSolution
		Debug|Any CPU = Debug|Any CPU
		Release|Any CPU = Release|Any CPU
	EndGlobalSection
	GlobalSection(ProjectConfigurationPlatforms) = postSolution
		{658F29A1-5BDD-4D81-90BB-DC961EEC3350}.Debug|Any CPU.ActiveCfg = Debug|Any CPU
		{658F29A1-5BDD-4D81-90BB-DC961EEC3350}.Debug|Any CPU.Build.0 = Debug|Any CPU
		{658F29A1-5BDD-4D81-90BB-DC961EEC3350}.Release|Any CPU.ActiveCfg = Release|Any CPU
		{658F29A1-5BDD-4D81-90BB-DC961EEC3350}.Release|Any CPU.Build.0 = Release|Any CPU
		{EEFFC0E3-5A98-476D-AA27-910CBB4E2D40}.Debug|Any CPU.ActiveCfg = Debug|Any CPU
		{EEFFC0E3-5A98-476D-AA27-910CBB4E2D40}.Debug|Any CPU.Build.0 = Debug|Any CPU
		{EEFFC0E3-5A98-476D-AA27-910CBB4E2D40}.Release|Any CPU.ActiveCfg = Release|Any CPU
		{EEFFC0E3-5A98-476D-AA27-910CBB4E2D40}.Release|Any CPU.Build.0 = Release|Any CPU
		{6DD6B8B9-1D62-4722-90EA-8EC4B6E48428}.Debug|Any CPU.ActiveCfg = Debug|Any CPU
		{6DD6B8B9-1D62-4722-90EA-8EC4B6E48428}.Debug|Any CPU.Build.0 = Debug|Any CPU
		{6DD6B8B9-1D62-4722-90EA-8EC4B6E48428}.Release|Any CPU.ActiveCfg = Release|Any CPU
		{6DD6B8B9-1D62-4722-90EA-8EC4B6E48428}.Release|Any CPU.Build.0 = Release|Any CPU
	EndGlobalSection
	GlobalSection(SolutionProperties) = preSolution
		HideSolutionNode = FALSE
	EndGlobalSection
	GlobalSection(ExtensibilityGlobals) = postSolution
		SolutionGuid = {A165DC97-4DDB-46D9-938A-7E9D6A9F5CCD}
	EndGlobalSection
EndGlobal
