
Microsoft Visual Studio Solution File, Format Version 12.00
# Visual Studio Version 16
VisualStudioVersion = 16.0.29709.97
MinimumVisualStudioVersion = 10.0.40219.1
Project("{9A19103F-16F7-4668-BE54-9A1E7A4F7556}") = "HW6T2", "HW6T2\HW6T2.csproj", "{77AC8F44-3745-41E4-BAA7-1C9BB4741690}"
EndProject
Project("{FAE04EC0-301F-11D3-BF4B-00C04F79EFBC}") = "GameTest", "GameTest\GameTest.csproj", "{A70FAD5F-EF8B-4EAC-8934-6E5636540E62}"
EndProject
Global
	GlobalSection(SolutionConfigurationPlatforms) = preSolution
		Debug|Any CPU = Debug|Any CPU
		Release|Any CPU = Release|Any CPU
	EndGlobalSection
	GlobalSection(ProjectConfigurationPlatforms) = postSolution
		{77AC8F44-3745-41E4-BAA7-1C9BB4741690}.Debug|Any CPU.ActiveCfg = Debug|Any CPU
		{77AC8F44-3745-41E4-BAA7-1C9BB4741690}.Debug|Any CPU.Build.0 = Debug|Any CPU
		{77AC8F44-3745-41E4-BAA7-1C9BB4741690}.Release|Any CPU.ActiveCfg = Release|Any CPU
		{77AC8F44-3745-41E4-BAA7-1C9BB4741690}.Release|Any CPU.Build.0 = Release|Any CPU
		{A70FAD5F-EF8B-4EAC-8934-6E5636540E62}.Debug|Any CPU.ActiveCfg = Debug|Any CPU
		{A70FAD5F-EF8B-4EAC-8934-6E5636540E62}.Debug|Any CPU.Build.0 = Debug|Any CPU
		{A70FAD5F-EF8B-4EAC-8934-6E5636540E62}.Release|Any CPU.ActiveCfg = Release|Any CPU
		{A70FAD5F-EF8B-4EAC-8934-6E5636540E62}.Release|Any CPU.Build.0 = Release|Any CPU
	EndGlobalSection
	GlobalSection(SolutionProperties) = preSolution
		HideSolutionNode = FALSE
	EndGlobalSection
	GlobalSection(ExtensibilityGlobals) = postSolution
		SolutionGuid = {1C04DCB7-962E-4CEB-9142-19BE30796D1C}
	EndGlobalSection
EndGlobal
