
Microsoft Visual Studio Solution File, Format Version 12.00
# Visual Studio Version 16
VisualStudioVersion = 16.0.29709.97
MinimumVisualStudioVersion = 10.0.40219.1
Project("{FAE04EC0-301F-11D3-BF4B-00C04F79EFBC}") = "HW2T1", "HW2T1\HW2T1.csproj", "{D707F120-93F2-4AB0-87BB-7F85B6F75BE2}"
EndProject
Global
	GlobalSection(SolutionConfigurationPlatforms) = preSolution
		Debug|Any CPU = Debug|Any CPU
		Release|Any CPU = Release|Any CPU
	EndGlobalSection
	GlobalSection(ProjectConfigurationPlatforms) = postSolution
		{D707F120-93F2-4AB0-87BB-7F85B6F75BE2}.Debug|Any CPU.ActiveCfg = Debug|Any CPU
		{D707F120-93F2-4AB0-87BB-7F85B6F75BE2}.Debug|Any CPU.Build.0 = Debug|Any CPU
		{D707F120-93F2-4AB0-87BB-7F85B6F75BE2}.Release|Any CPU.ActiveCfg = Release|Any CPU
		{D707F120-93F2-4AB0-87BB-7F85B6F75BE2}.Release|Any CPU.Build.0 = Release|Any CPU
	EndGlobalSection
	GlobalSection(SolutionProperties) = preSolution
		HideSolutionNode = FALSE
	EndGlobalSection
	GlobalSection(ExtensibilityGlobals) = postSolution
		SolutionGuid = {E670B5A4-7031-412F-BB97-448821D6523B}
	EndGlobalSection
EndGlobal
