
Microsoft Visual Studio Solution File, Format Version 12.00
# Visual Studio Version 16
VisualStudioVersion = 16.0.29709.97
MinimumVisualStudioVersion = 10.0.40219.1
Project("{FAE04EC0-301F-11D3-BF4B-00C04F79EFBC}") = "HW1T1", "HW1T1\HW1T1.csproj", "{A966515E-4AB8-440E-9D51-3D8EBEA2432B}"
EndProject
Global
	GlobalSection(SolutionConfigurationPlatforms) = preSolution
		Debug|Any CPU = Debug|Any CPU
		Release|Any CPU = Release|Any CPU
	EndGlobalSection
	GlobalSection(ProjectConfigurationPlatforms) = postSolution
		{A966515E-4AB8-440E-9D51-3D8EBEA2432B}.Debug|Any CPU.ActiveCfg = Debug|Any CPU
		{A966515E-4AB8-440E-9D51-3D8EBEA2432B}.Debug|Any CPU.Build.0 = Debug|Any CPU
		{A966515E-4AB8-440E-9D51-3D8EBEA2432B}.Release|Any CPU.ActiveCfg = Release|Any CPU
		{A966515E-4AB8-440E-9D51-3D8EBEA2432B}.Release|Any CPU.Build.0 = Release|Any CPU
	EndGlobalSection
	GlobalSection(SolutionProperties) = preSolution
		HideSolutionNode = FALSE
	EndGlobalSection
	GlobalSection(ExtensibilityGlobals) = postSolution
		SolutionGuid = {BF4B3097-F78F-478D-84B8-EDB7A6699E34}
	EndGlobalSection
EndGlobal
