
Microsoft Visual Studio Solution File, Format Version 12.00
# Visual Studio Version 16
VisualStudioVersion = 16.0.29709.97
MinimumVisualStudioVersion = 10.0.40219.1
Project("{FAE04EC0-301F-11D3-BF4B-00C04F79EFBC}") = "test2", "test2\test2.csproj", "{C991BC29-ABF9-496F-9AEC-B74826E40F6F}"
EndProject
Project("{FAE04EC0-301F-11D3-BF4B-00C04F79EFBC}") = "MoveToFrontTests", "MoveToFrontTests\MoveToFrontTests.csproj", "{29D8A60B-23FE-495C-8A22-42A71B96B1D5}"
EndProject
Global
	GlobalSection(SolutionConfigurationPlatforms) = preSolution
		Debug|Any CPU = Debug|Any CPU
		Release|Any CPU = Release|Any CPU
	EndGlobalSection
	GlobalSection(ProjectConfigurationPlatforms) = postSolution
		{C991BC29-ABF9-496F-9AEC-B74826E40F6F}.Debug|Any CPU.ActiveCfg = Debug|Any CPU
		{C991BC29-ABF9-496F-9AEC-B74826E40F6F}.Debug|Any CPU.Build.0 = Debug|Any CPU
		{C991BC29-ABF9-496F-9AEC-B74826E40F6F}.Release|Any CPU.ActiveCfg = Release|Any CPU
		{C991BC29-ABF9-496F-9AEC-B74826E40F6F}.Release|Any CPU.Build.0 = Release|Any CPU
		{29D8A60B-23FE-495C-8A22-42A71B96B1D5}.Debug|Any CPU.ActiveCfg = Debug|Any CPU
		{29D8A60B-23FE-495C-8A22-42A71B96B1D5}.Debug|Any CPU.Build.0 = Debug|Any CPU
		{29D8A60B-23FE-495C-8A22-42A71B96B1D5}.Release|Any CPU.ActiveCfg = Release|Any CPU
		{29D8A60B-23FE-495C-8A22-42A71B96B1D5}.Release|Any CPU.Build.0 = Release|Any CPU
	EndGlobalSection
	GlobalSection(SolutionProperties) = preSolution
		HideSolutionNode = FALSE
	EndGlobalSection
	GlobalSection(ExtensibilityGlobals) = postSolution
		SolutionGuid = {F600CAD0-9013-4689-90F4-17C1C72129A7}
	EndGlobalSection
EndGlobal
